version = 1
revision = 3
requires-python = "==3.12.*"

[[package]]
name = "bottle"
version = "0.13.4"
source = { registry = "https://pypi.org/simple" }
sdist = { url = "https://files.pythonhosted.org/packages/7a/71/cca6167c06d00c81375fd668719df245864076d284f7cb46a694cbeb5454/bottle-0.13.4.tar.gz", hash = "sha256:787e78327e12b227938de02248333d788cfe45987edca735f8f88e03472c3f47", size = 98717, upload-time = "2025-06-15T10:08:59.439Z" }
wheels = [
    { url = "https://files.pythonhosted.org/packages/83/f6/b55ec74cfe68c6584163faa311503c20b0da4c09883a41e8e00d6726c954/bottle-0.13.4-py2.py3-none-any.whl", hash = "sha256:045684fbd2764eac9cdeb824861d1551d113e8b683d8d26e296898d3dd99a12e", size = 103807, upload-time = "2025-06-15T10:08:57.691Z" },
]

[[package]]
name = "colorama"
version = "0.4.6"
source = { registry = "https://pypi.org/simple" }
sdist = { url = "https://files.pythonhosted.org/packages/d8/53/6f443c9a4a8358a93a6792e2acffb9d9d5cb0a5cfd8802644b7b1c9a02e4/colorama-0.4.6.tar.gz", hash = "sha256:08695f5cb7ed6e0531a20572697297273c47b8cae5a63ffc6d6ed5c201be6e44", size = 27697, upload-time = "2022-10-25T02:36:22.414Z" }
wheels = [
    { url = "https://files.pythonhosted.org/packages/d1/d6/3965ed04c63042e047cb6a3e6ed1a63a35087b6a609aa3a15ed8ac56c221/colorama-0.4.6-py2.py3-none-any.whl", hash = "sha256:4f1d9991f5acc0ca119f9d443620b77f9d6b33703e51011c16baf57afb285fc6", size = 25335, upload-time = "2022-10-25T02:36:20.889Z" },
]

[[package]]
name = "hfst"
version = "3.16.0.1"
source = { registry = "https://pypi.org/simple" }
wheels = [
    { url = "https://files.pythonhosted.org/packages/d7/b2/1843c91f0e475868e7b96d5eb1e592b262336b89b56c5380820a5064fd98/hfst-3.16.0.1-cp312-cp312-macosx_10_9_x86_64.whl", hash = "sha256:0bc77167a41260ea2cd277be8b91920d969f1317bfef16555df6a3b4aeb886b7", size = 18415996, upload-time = "2023-11-21T01:30:01.259Z" },
    { url = "https://files.pythonhosted.org/packages/32/95/45b13d669cd95dac91fd70255566fc7e0d66f36b819aa8e3aa6b7d0482d8/hfst-3.16.0.1-cp312-cp312-macosx_11_0_arm64.whl", hash = "sha256:26accb40715e62d3615178ea26c0565ecfbba11f8406ee38add0b97ee4f15721", size = 17764638, upload-time = "2023-11-21T01:30:05.007Z" },
    { url = "https://files.pythonhosted.org/packages/08/37/779c11f64d29f409b18aaea585aa1b208bb5e9488b5e3590a33e7123c20b/hfst-3.16.0.1-cp312-cp312-manylinux_2_17_i686.manylinux2014_i686.whl", hash = "sha256:d52331496d68566ed823a1207834e81862ec3de90124ab36ef27b33db59cb6f5", size = 61968642, upload-time = "2023-11-21T01:30:09.39Z" },
    { url = "https://files.pythonhosted.org/packages/95/38/8d48a72af869872a6642d565099dc554337c46bd3bfcd801b33c5ef303f1/hfst-3.16.0.1-cp312-cp312-manylinux_2_28_x86_64.whl", hash = "sha256:ba46f9bef28a4b0c396cd753b5db76c2886102041f4287c286c37c06f3f6f525", size = 66823736, upload-time = "2023-11-21T01:30:17.061Z" },
]

[[package]]
name = "iniconfig"
version = "2.3.1"
source = { registry = "https://pypi.org/simple" }
sdist = { url = "https://files.pythonhosted.org/packages/01/e1/2069291243c926a2ff1cd706c7f3eeb9b62144bf60f77c9fb9ff2fb26bd3/iniconfig-2.3.1.tar.gz", hash = "sha256:67f4b9c50da0dedf52af349e7749a80a9057a5031199791b906c3bb3ae878960", size = 21209, upload-time = "2026-10-06T22:48:38.076Z" }
wheels = [
    { url = "https://files.pythonhosted.org/packages/56/43/4ca9e49d27a1fcf6bece6f6aec0ea46bb9112489b93d4b688fb415457bdb/iniconfig-2.3.1-py3-none-any.whl", hash = "sha256:9121e2c1fdb355232495be3194c8dfe87ccc2d5dee45947b78e68f499790d7a7", size = 7552, upload-time = "2026-10-06T22:48:36.959Z" },
]

[[package]]
name = "jinja2"
version = "3.1.6"
source = { registry = "https://pypi.org/simple" }
dependencies = [
    { name = "markupsafe" },
]
sdist = { url = "https://files.pythonhosted.org/packages/df/bf/f7da0350254c0ed7c72f3e33cef02e048281fec7ecec5f032d4aac52226b/jinja2-3.1.6.tar.gz", hash = "sha256:0137fb05990d35f1275a587e9aee6d56da821fc83491a0fb838183be43f66d6d", size = 245115, upload-time = "2025-03-05T20:05:02.478Z" }
wheels = [
    { url = "https://files.pythonhosted.org/packages/62/a1/3d680cbfd5f4b8f15abc1d571870c5fc3e594bb582bc3b64ea099db13e56/jinja2-3.1.6-py3-none-any.whl", hash = "sha256:85ece4451f492d0c13c5dd7c13a64681a86afae63a5f347908daf103ce6d2f67", size = 134899, upload-time = "2025-03-05T20:05:00.369Z" },
]

[[package]]
name = "markupsafe"
version = "3.0.4"
source = { registry = "https://pypi.org/simple" }
sdist = { url = "https://files.pythonhosted.org/packages/38/9b/e422a865e1d5d57d0e509b4e0bf1c1a70a7f6382c29a5aa428df994c8bc8/markupsafe-3.0.4.tar.gz", hash = "sha256:2e9ad7dd851bf45fab9f75cbff4cb493fee9979e8d8c7c9c3ee119022518edd6", size = 153777, upload-time = "2026-10-02T23:07:22.29Z" }
wheels = [
    { url = "https://files.pythonhosted.org/packages/81/09/4c59d56b8461ae8eb0d8ba34bb25b7e618547044679d58a82ef9b2479fc1/markupsafe-3.0.4-cp312-cp312-macosx_10_13_x86_64.whl", hash = "sha256:61631e08084be9e21a8967ec3139c7616ed7c5e9368e05c86d1b39562c8a57b6", size = 11658, upload-time = "2026-10-02T23:04:51.876Z" },
    { url = "https://files.pythonhosted.org/packages/a2/f0/d6613774d86fbf6d145751d43c59875e47a6f9f17daee0aef173bd36d90e/markupsafe-3.0.4-cp312-cp312-macosx_11_0_arm64.whl", hash = "sha256:0930db9bdc62d22944e10b066448bb65dc9abe9112880c7cab8da54db4284d5f", size = 12050, upload-time = "2026-10-02T23:04:52.931Z" },
    { url = "https://files.pythonhosted.org/packages/0d/f2/8f18e0b806eb13c1f8d07d917a720831ead54253a6dec011fbc78098a6f8/markupsafe-3.0.4-cp312-cp312-manylinux2014_aarch64.manylinux_2_17_aarch64.manylinux_2_28_aarch64.whl", hash = "sha256:6a45c3d514f2436064db00d7fc8778d888f0236ebfed649b53d13a59e69ad51b", size = 24363, upload-time = "2026-10-02T23:04:53.895Z" },
    { url = "https://files.pythonhosted.org/packages/60/ce/fa07dbe8a5675558fa36dea033e19995bc783de2dec5f540ccb9030b06aa/markupsafe-3.0.4-cp312-cp312-manylinux2014_armv7l.manylinux_2_17_armv7l.manylinux_2_31_armv7l.whl", hash = "sha256:1e1451fab512d1bcc3dc26988ec1edb0b82c2db909132872cd9356070a6b63df", size = 28525, upload-time = "2026-10-02T23:04:54.905Z" },
    { url = "https://files.pythonhosted.org/packages/85/40/be87c01f3868ec217f8a2015089d71c22c8c5a75324822e5ed1cdd87210d/markupsafe-3.0.4-cp312-cp312-manylinux2014_ppc64le.manylinux_2_17_ppc64le.manylinux_2_28_ppc64le.whl", hash = "sha256:bd3ce56ae2cbae3ba82b683bc425cd7e48d2ed8b10f3e818186b6f5646d9271c", size = 24733, upload-time = "2026-10-02T23:04:56.229Z" },
    { url = "https://files.pythonhosted.org/packages/4f/a7/aeedb5140afa41fc74c225e9184ab96723a6e873b6ee1c9fede7283456d8/markupsafe-3.0.4-cp312-cp312-manylinux2014_x86_64.manylinux_2_17_x86_64.manylinux_2_28_x86_64.whl", hash = "sha256:8e124f974786f831d6043728e38296969d3579db8896fe004682f5758e613581", size = 22985, upload-time = "2026-10-02T23:04:57.521Z" },
    { url = "https://files.pythonhosted.org/packages/c3/fc/e91352bb08c6a59da3ef0909d457bf95a5f5908fbf151b30a06d9dbcfbb4/markupsafe-3.0.4-cp312-cp312-manylinux_2_31_riscv64.manylinux_2_39_riscv64.whl", hash = "sha256:c02e8f18bdedba082cef725942ac823b9b60656db07f7e265cb31618dfd00d77", size = 22001, upload-time = "2026-10-02T23:04:58.597Z" },
    { url = "https://files.pythonhosted.org/packages/5d/f8/bffee5e7d2a3deb59748a797650a48af7e672025cf641a79344a771ad106/markupsafe-3.0.4-cp312-cp312-musllinux_1_2_aarch64.whl", hash = "sha256:9f098115c247e11d138ab83a28fa0323c77015007ea2df73ba5fd714dfefd67c", size = 23793, upload-time = "2026-10-02T23:04:59.686Z" },
    { url = "https://files.pythonhosted.org/packages/ed/59/b853d6628ecb4d658e1d637224846d5e9bb4adf4f8df97f3be9f29dce2ec/markupsafe-3.0.4-cp312-cp312-musllinux_1_2_armv7l.whl", hash = "sha256:d5f93ebbeb8032d47e349328ec8662d973d9b05a70b3c35df1f91fe419b84749", size = 22640, upload-time = "2026-10-02T23:05:00.768Z" },
    { url = "https://files.pythonhosted.org/packages/09/b2/1506df394f0f075797c418d0301498f49e43be194e3ffcb49e6fe6ccf022/markupsafe-3.0.4-cp312-cp312-musllinux_1_2_ppc64le.whl", hash = "sha256:64511c54db4e4987aef4c41923235927428729e8174c5dba488429be70a998ed", size = 24074, upload-time = "2026-10-02T23:05:01.813Z" },
    { url = "https://files.pythonhosted.org/packages/c7/81/5ed69cda630ac69ef60d06c09ba5a7f84ff66a2e28cf986fd5614ab3c6e6/markupsafe-3.0.4-cp312-cp312-musllinux_1_2_riscv64.whl", hash = "sha256:e1a622f13970d81f95d0c72f9dc090dce9085fccfa4c9f2174377ee32bd15786", size = 21563, upload-time = "2026-10-02T23:05:03.239Z" },
    { url = "https://files.pythonhosted.org/packages/0c/fe/fb1e79be0fea60aa32602ebefc9c35a82bb42b4df157285ab7dfec12341a/markupsafe-3.0.4-cp312-cp312-musllinux_1_2_x86_64.whl", hash = "sha256:c9a7f43c0b202b334cc9184af09bb8f21d3a209e038efaf106936fb69e6b026e", size = 23048, upload-time = "2026-10-02T23:05:04.479Z" },
    { url = "https://files.pythonhosted.org/packages/c8/52/7632a53360671a9b750cdbabaf9cdd89f18b42248b8e4cb42c0b0296e459/markupsafe-3.0.4-cp312-cp312-win32.whl", hash = "sha256:f0ec3b750b59375eab5b0fb2b9254810c00a3375be6d789899f1055a1d556237", size = 14108, upload-time = "2026-10-02T23:05:05.513Z" },
    { url = "https://files.pythonhosted.org/packages/3f/bf/62495e180b7000aaf30000fff849e933f74264638057176cf46852500adc/markupsafe-3.0.4-cp312-cp312-win_amd64.whl", hash = "sha256:11935df9bf455ed0c04eb87bcd720f02b1fe5e02128a9430f23aed6f93336fc7", size = 14303, upload-time = "2026-10-02T23:05:06.538Z" },
    { url = "https://files.pythonhosted.org/packages/c5/8e/4c24208776a65878d656996945aacfbfe010d3720d1a98fc0eb8491fc03b/markupsafe-3.0.4-cp312-cp312-win_arm64.whl", hash = "sha256:a4bbd2d87dd233b9fc5812160c3d0ffbe42edc22a26ce0469f58479ede633fe9", size = 14174, upload-time = "2026-10-02T23:05:07.617Z" },
]

[[package]]
name = "packaging"
version = "26.3"
source = { registry = "https://pypi.org/simple" }
sdist = { url = "https://files.pythonhosted.org/packages/7d/fa/3944b40b07da9ce895c0e6303a5ab7d53da063554f534556b134a54d6093/packaging-26.3.tar.gz", hash = "sha256:94edc256424af38762eb31306eed28beb9f0efc50a8837492c9d6fd6004aed79", size = 313412, upload-time = "2026-08-04T18:15:28.737Z" }
wheels = [
    { url = "https://files.pythonhosted.org/packages/63/34/ba1c580383c9eada3711951fef0795c80b829a078d72188184bcab9dd527/packaging-26.3-py3-none-any.whl", hash = "sha256:d7193f7c8e4e93f444fde0262bf90af30e16fa0ad0ad44cb553c87339b23cd1c", size = 129956, upload-time = "2026-08-04T18:15:27.159Z" },
]

[[package]]
name = "pluggy"
version = "1.6.0"
source = { registry = "https://pypi.org/simple" }
sdist = { url = "https://files.pythonhosted.org/packages/f9/e2/3e91f31a7d2b083fe6ef3fa267035b518369d9511ffab804f839851d2779/pluggy-1.6.0.tar.gz", hash = "sha256:7dcc130b76258d33b90f61b658791dede3486c3e6bfb003ee5c9bfb396dd22f3", size = 69412, upload-time = "2025-05-15T12:30:07.975Z" }
wheels = [
    { url = "https://files.pythonhosted.org/packages/54/20/4d324d65cc6d9205fabedc306948156824eb9f0ee1633355a8f7ec5c66bf/pluggy-1.6.0-py3-none-any.whl", hash = "sha256:e920276dd6813095e9377c0bc5566d94c932c33b27a3e3945d8389c374dd4746", size = 20538, upload-time = "2025-05-15T12:30:06.134Z" },
]

[[package]]
name = "prussian-dictionary"
version = "0.2.0"
source = { virtual = "." }
dependencies = [
    { name = "bottle" },
    { name = "jinja2" },
    { name = "pyhfst" },
]

[package.dev-dependencies]
dev = [
    { name = "hfst" },
    { name = "pytest" },
]

[package.metadata]
requires-dist = [
    { name = "bottle", specifier = ">=0.13" },
    { name = "jinja2", specifier = ">=3.1" },
    { name = "pyhfst", specifier = ">=1.4.0" },
]

[package.metadata.requires-dev]
dev = [
    { name = "hfst", specifier = ">=3.16.0.1" },
    { name = "pytest", specifier = ">=8" },
]

[[package]]
name = "pygments"
version = "2.21.0"
source = { registry = "https://pypi.org/simple" }
sdist = { url = "https://files.pythonhosted.org/packages/49/2e/ced460408999b33da6b31b0021b0f37d329e202d4169aeb164493778f25b/pygments-2.21.0.tar.gz", hash = "sha256:610ca751c9bc2492b38eb9a38a7fbc93edbbb2d7182edaf34e66ae493dee5c8c", size = 5005329, upload-time = "2026-08-17T08:02:48.824Z" }
wheels = [
    { url = "https://files.pythonhosted.org/packages/71/46/17f022dd3e953bf20a04a028a21ec746d942f8d2af30fa0f124fa0e6a684/pygments-2.21.0-py3-none-any.whl", hash = "sha256:2363c69b61c4a97c838da3b130dcd6468f4848992b21a82f2a63ec34377137d9", size = 1250147, upload-time = "2026-08-17T08:02:44.912Z" },
]

[[package]]
name = "pyhfst"
version = "1.4.0"
source = { registry = "https://pypi.org/simple" }
sdist = { url = "https://files.pythonhosted.org/packages/6e/d4/40c2965130aa8efac56e19d0e4a1923d190daa0ee8f681b45158c214f4f0/pyhfst-1.4.0.tar.gz", hash = "sha256:848ec5a22528166cdaa6f0df1f4e9e38c765c64b3ec2eaca9874aed57fcfda55", size = 23041, upload-time = "2025-11-07T10:40:26.049Z" }
wheels = [
    { url = "https://files.pythonhosted.org/packages/d8/8c/2156c6aab5bfd7d024b8f44bbf83c7822760921e9a262fdfd8ee7b63f120/pyhfst-1.4.0-py2.py3-none-any.whl", hash = "sha256:dd3fea517b8b8abf424992f4b301ec21ed9e7ce733f2ee353bbdda2cad9773ab", size = 28633, upload-time = "2025-11-07T10:40:31.743Z" },
]

[[package]]
name = "pytest"
version = "9.1.1"
source = { registry = "https://pypi.org/simple" }
dependencies = [
    { name = "colorama", marker = "sys_platform == 'win32'" },
    { name = "iniconfig" },
    { name = "packaging" },
    { name = "pluggy" },
    { name = "pygments" },
]
sdist = { url = "https://files.pythonhosted.org/packages/e4/47/b9efed96c114afcfa3c9d3fe98a76a1d14c74a9e266d397cf6eb64be5e01/pytest-9.1.1.tar.gz", hash = "sha256:1088fbde8f2b49d95a549a195707afa7a76a3ce9bcadc26b6d71f0ffda5fe313", size = 1636369, upload-time = "2026-06-19T10:58:32.857Z" }
wheels = [
    { url = "https://files.pythonhosted.org/packages/24/25/1de2678b631f5a49215c6c96fff41ba892b0a34df68d6d80292b1b48aa7f/pytest-9.1.1-py3-none-any.whl", hash = "sha256:37a86b45efb9a47a61a36449063e8e18d0cab3161329fc099eb21783169c4f0c", size = 386536, upload-time = "2026-06-19T10:58:31.347Z" },
]
